
Microsoft Visual Studio Solution File, Format Version 12.00
# Visual Studio Version 17
VisualStudioVersion = 17.11.35312.102
MinimumVisualStudioVersion = 10.0.40219.1
Project("{9A19103F-16F7-4668-BE54-9A1E7A4F7556}") = "TestAutomationCVExample.Core", "TestAutomationCVExample.Core\TestAutomationCVExample.Core.csproj", "{0AE43E9B-0EBB-4F93-BB98-63F62A987409}"
EndProject
Project("{9A19103F-16F7-4668-BE54-9A1E7A4F7556}") = "TestAutomationCVExample.UI", "TestAutomationCVExample.UI\TestAutomationCVExample.UI.csproj", "{9BE69E17-6DCA-439E-9632-1D386310E6BA}"
EndProject
Project("{FAE04EC0-301F-11D3-BF4B-00C04F79EFBC}") = "TestAutomationCVExample.Test", "TestAutomationCVExample.Test\TestAutomationCVExample.Test.csproj", "{E89C76D4-26E5-4046-A164-14BEF81E9672}"
EndProject
Global
	GlobalSection(SolutionConfigurationPlatforms) = preSolution
		Debug|Any CPU = Debug|Any CPU
		Release|Any CPU = Release|Any CPU
	EndGlobalSection
	GlobalSection(ProjectConfigurationPlatforms) = postSolution
		{0AE43E9B-0EBB-4F93-BB98-63F62A987409}.Debug|Any CPU.ActiveCfg = Debug|Any CPU
		{0AE43E9B-0EBB-4F93-BB98-63F62A987409}.Debug|Any CPU.Build.0 = Debug|Any CPU
		{0AE43E9B-0EBB-4F93-BB98-63F62A987409}.Release|Any CPU.ActiveCfg = Release|Any CPU
		{0AE43E9B-0EBB-4F93-BB98-63F62A987409}.Release|Any CPU.Build.0 = Release|Any CPU
		{9BE69E17-6DCA-439E-9632-1D386310E6BA}.Debug|Any CPU.ActiveCfg = Debug|Any CPU
		{9BE69E17-6DCA-439E-9632-1D386310E6BA}.Debug|Any CPU.Build.0 = Debug|Any CPU
		{9BE69E17-6DCA-439E-9632-1D386310E6BA}.Release|Any CPU.ActiveCfg = Release|Any CPU
		{9BE69E17-6DCA-439E-9632-1D386310E6BA}.Release|Any CPU.Build.0 = Release|Any CPU
		{E89C76D4-26E5-4046-A164-14BEF81E9672}.Debug|Any CPU.ActiveCfg = Debug|Any CPU
		{E89C76D4-26E5-4046-A164-14BEF81E9672}.Debug|Any CPU.Build.0 = Debug|Any CPU
		{E89C76D4-26E5-4046-A164-14BEF81E9672}.Release|Any CPU.ActiveCfg = Release|Any CPU
		{E89C76D4-26E5-4046-A164-14BEF81E9672}.Release|Any CPU.Build.0 = Release|Any CPU
	EndGlobalSection
	GlobalSection(SolutionProperties) = preSolution
		HideSolutionNode = FALSE
	EndGlobalSection
	GlobalSection(ExtensibilityGlobals) = postSolution
		SolutionGuid = {2D129AAF-42CE-432F-ACB8-E9DC3FFC8103}
	EndGlobalSection
EndGlobal
